
Microsoft Visual Studio Solution File, Format Version 12.00
# Visual Studio Version 17
VisualStudioVersion = 17.3.32922.545
MinimumVisualStudioVersion = 10.0.40219.1
Project("{FAE04EC0-301F-11D3-BF4B-00C04F79EFBC}") = "DataAccess", "DataAccess\DataAccess.csproj", "{827D98F6-14D0-4653-9686-72E8ADA1E50D}"
EndProject
Project("{FAE04EC0-301F-11D3-BF4B-00C04F79EFBC}") = "Entities", "Entities\Entities.csproj", "{9B6BA9C4-54C1-44C9-B859-A2F5FA3C9F29}"
EndProject
Project("{FAE04EC0-301F-11D3-BF4B-00C04F79EFBC}") = "TodoAPI", "TodoAPI\TodoAPI.csproj", "{A93F0BEE-8A52-4E56-A944-0FB6F10F89AF}"
EndProject
Project("{FAE04EC0-301F-11D3-BF4B-00C04F79EFBC}") = "ConsoleApp4", "ConsoleApp4\ConsoleApp4.csproj", "{AFC1E8C4-4DE8-4F18-A4A0-C0253B5D715A}"
EndProject
Global
	GlobalSection(SolutionConfigurationPlatforms) = preSolution
		Debug|Any CPU = Debug|Any CPU
		Release|Any CPU = Release|Any CPU
	EndGlobalSection
	GlobalSection(ProjectConfigurationPlatforms) = postSolution
		{827D98F6-14D0-4653-9686-72E8ADA1E50D}.Debug|Any CPU.ActiveCfg = Debug|Any CPU
		{827D98F6-14D0-4653-9686-72E8ADA1E50D}.Debug|Any CPU.Build.0 = Debug|Any CPU
		{827D98F6-14D0-4653-9686-72E8ADA1E50D}.Release|Any CPU.ActiveCfg = Release|Any CPU
		{827D98F6-14D0-4653-9686-72E8ADA1E50D}.Release|Any CPU.Build.0 = Release|Any CPU
		{9B6BA9C4-54C1-44C9-B859-A2F5FA3C9F29}.Debug|Any CPU.ActiveCfg = Debug|Any CPU
		{9B6BA9C4-54C1-44C9-B859-A2F5FA3C9F29}.Debug|Any CPU.Build.0 = Debug|Any CPU
		{9B6BA9C4-54C1-44C9-B859-A2F5FA3C9F29}.Release|Any CPU.ActiveCfg = Release|Any CPU
		{9B6BA9C4-54C1-44C9-B859-A2F5FA3C9F29}.Release|Any CPU.Build.0 = Release|Any CPU
		{A93F0BEE-8A52-4E56-A944-0FB6F10F89AF}.Debug|Any CPU.ActiveCfg = Debug|Any CPU
		{A93F0BEE-8A52-4E56-A944-0FB6F10F89AF}.Debug|Any CPU.Build.0 = Debug|Any CPU
		{A93F0BEE-8A52-4E56-A944-0FB6F10F89AF}.Release|Any CPU.ActiveCfg = Release|Any CPU
		{A93F0BEE-8A52-4E56-A944-0FB6F10F89AF}.Release|Any CPU.Build.0 = Release|Any CPU
		{AFC1E8C4-4DE8-4F18-A4A0-C0253B5D715A}.Debug|Any CPU.ActiveCfg = Debug|Any CPU
		{AFC1E8C4-4DE8-4F18-A4A0-C0253B5D715A}.Debug|Any CPU.Build.0 = Debug|Any CPU
		{AFC1E8C4-4DE8-4F18-A4A0-C0253B5D715A}.Release|Any CPU.ActiveCfg = Release|Any CPU
		{AFC1E8C4-4DE8-4F18-A4A0-C0253B5D715A}.Release|Any CPU.Build.0 = Release|Any CPU
	EndGlobalSection
	GlobalSection(SolutionProperties) = preSolution
		HideSolutionNode = FALSE
	EndGlobalSection
	GlobalSection(ExtensibilityGlobals) = postSolution
		SolutionGuid = {5A4CBB79-48DF-4567-A232-1A0D5821927F}
	EndGlobalSection
EndGlobal
